
Microsoft Visual Studio Solution File, Format Version 12.00
# Visual Studio Version 17
VisualStudioVersion = 17.9.34714.143
MinimumVisualStudioVersion = 10.0.40219.1
Project("{9A19103F-16F7-4668-BE54-9A1E7A4F7556}") = "Solicitud De Proyecto", "Template\Solicitud De Proyecto.csproj", "{8EFCD7A8-C73C-4F77-9862-2DE4D0EBE384}"
EndProject
Project("{9A19103F-16F7-4668-BE54-9A1E7A4F7556}") = "Application", "Application\Application.csproj", "{9F14C687-8806-423F-BBF4-06D6A86894C2}"
EndProject
Project("{9A19103F-16F7-4668-BE54-9A1E7A4F7556}") = "Domain", "Domain\Domain.csproj", "{15C6CF43-AE66-4283-8CA1-93FFE2D0D12A}"
EndProject
Project("{9A19103F-16F7-4668-BE54-9A1E7A4F7556}") = "Infrastructure", "Infrastructure\Infrastructure.csproj", "{665CE753-C576-4ADF-9F21-E6ABA4C0E8E2}"
EndProject
Global
	GlobalSection(SolutionConfigurationPlatforms) = preSolution
		Debug|Any CPU = Debug|Any CPU
		Release|Any CPU = Release|Any CPU
	EndGlobalSection
	GlobalSection(ProjectConfigurationPlatforms) = postSolution
		{8EFCD7A8-C73C-4F77-9862-2DE4D0EBE384}.Debug|Any CPU.ActiveCfg = Debug|Any CPU
		{8EFCD7A8-C73C-4F77-9862-2DE4D0EBE384}.Debug|Any CPU.Build.0 = Debug|Any CPU
		{8EFCD7A8-C73C-4F77-9862-2DE4D0EBE384}.Release|Any CPU.ActiveCfg = Release|Any CPU
		{8EFCD7A8-C73C-4F77-9862-2DE4D0EBE384}.Release|Any CPU.Build.0 = Release|Any CPU
		{9F14C687-8806-423F-BBF4-06D6A86894C2}.Debug|Any CPU.ActiveCfg = Debug|Any CPU
		{9F14C687-8806-423F-BBF4-06D6A86894C2}.Debug|Any CPU.Build.0 = Debug|Any CPU
		{9F14C687-8806-423F-BBF4-06D6A86894C2}.Release|Any CPU.ActiveCfg = Release|Any CPU
		{9F14C687-8806-423F-BBF4-06D6A86894C2}.Release|Any CPU.Build.0 = Release|Any CPU
		{15C6CF43-AE66-4283-8CA1-93FFE2D0D12A}.Debug|Any CPU.ActiveCfg = Debug|Any CPU
		{15C6CF43-AE66-4283-8CA1-93FFE2D0D12A}.Debug|Any CPU.Build.0 = Debug|Any CPU
		{15C6CF43-AE66-4283-8CA1-93FFE2D0D12A}.Release|Any CPU.ActiveCfg = Release|Any CPU
		{15C6CF43-AE66-4283-8CA1-93FFE2D0D12A}.Release|Any CPU.Build.0 = Release|Any CPU
		{665CE753-C576-4ADF-9F21-E6ABA4C0E8E2}.Debug|Any CPU.ActiveCfg = Debug|Any CPU
		{665CE753-C576-4ADF-9F21-E6ABA4C0E8E2}.Debug|Any CPU.Build.0 = Debug|Any CPU
		{665CE753-C576-4ADF-9F21-E6ABA4C0E8E2}.Release|Any CPU.ActiveCfg = Release|Any CPU
		{665CE753-C576-4ADF-9F21-E6ABA4C0E8E2}.Release|Any CPU.Build.0 = Release|Any CPU
	EndGlobalSection
	GlobalSection(SolutionProperties) = preSolution
		HideSolutionNode = FALSE
	EndGlobalSection
	GlobalSection(ExtensibilityGlobals) = postSolution
		SolutionGuid = {FF881ED0-3399-4123-BA21-4036D72B96BC}
	EndGlobalSection
EndGlobal
